// !$*UTF8*$!
{
	archiveVersion = 1;
	classes = {
	};
	objectVersion = 55;
	objects = {

/* Begin PBXBuildFile section */
		FA4CB22F28EE9A25001F71F7 /* AppDelegate.swift in Sources */ = {isa = PBXBuildFile; fileRef = FA4CB22E28EE9A25001F71F7 /* AppDelegate.swift */; };
		FA4CB23128EE9A25001F71F7 /* SceneDelegate.swift in Sources */ = {isa = PBXBuildFile; fileRef = FA4CB23028EE9A25001F71F7 /* SceneDelegate.swift */; };
		FA4CB23328EE9A25001F71F7 /* ViewController.swift in Sources */ = {isa = PBXBuildFile; fileRef = FA4CB23228EE9A25001F71F7 /* ViewController.swift */; };
		FA4CB23628EE9A25001F71F7 /* Main.storyboard in Resources */ = {isa = PBXBuildFile; fileRef = FA4CB23428EE9A25001F71F7 /* Main.storyboard */; };
		FA4CB23828EE9A29001F71F7 /* Assets.xcassets in Resources */ = {isa = PBXBuildFile; fileRef = FA4CB23728EE9A29001F71F7 /* Assets.xcassets */; };
		FA4CB23B28EE9A29001F71F7 /* LaunchScreen.storyboard in Resources */ = {isa = PBXBuildFile; fileRef = FA4CB23928EE9A29001F71F7 /* LaunchScreen.storyboard */; };
		FA4CB24328EE9BB1001F71F7 /* MyTableViewCell.swift in Sources */ = {isa = PBXBuildFile; fileRef = FA4CB24228EE9BB1001F71F7 /* MyTableViewCell.swift */; };
		FA4CB24528EEA2A2001F71F7 /* MyCollectionViewCell.swift in Sources */ = {isa = PBXBuildFile; fileRef = FA4CB24428EEA2A2001F71F7 /* MyCollectionViewCell.swift */; };
		FA4CB24728EEA3F9001F71F7 /* EntertainmentApp.swift in Sources */ = {isa = PBXBuildFile; fileRef = FA4CB24628EEA3F9001F71F7 /* EntertainmentApp.swift */; };
/* End PBXBuildFile section */

/* Begin PBXFileReference section */
		FA4CB22B28EE9A25001F71F7 /* CollectionViewinTV.app */ = {isa = PBXFileReference; explicitFileType = wrapper.application; includeInIndex = 0; path = CollectionViewinTV.app; sourceTree = BUILT_PRODUCTS_DIR; };
		FA4CB22E28EE9A25001F71F7 /* AppDelegate.swift */ = {isa = PBXFileReference; lastKnownFileType = sourcecode.swift; path = AppDelegate.swift; sourceTree = "<group>"; };
		FA4CB23028EE9A25001F71F7 /* SceneDelegate.swift */ = {isa = PBXFileReference; lastKnownFileType = sourcecode.swift; path = SceneDelegate.swift; sourceTree = "<group>"; };
		FA4CB23228EE9A25001F71F7 /* ViewController.swift */ = {isa = PBXFileReference; lastKnownFileType = sourcecode.swift; path = ViewController.swift; sourceTree = "<group>"; };
		FA4CB23528EE9A25001F71F7 /* Base */ = {isa = PBXFileReference; lastKnownFileType = file.storyboard; name = Base; path = Base.lproj/Main.storyboard; sourceTree = "<group>"; };
		FA4CB23728EE9A29001F71F7 /* Assets.xcassets */ = {isa = PBXFileReference; lastKnownFileType = folder.assetcatalog; path = Assets.xcassets; sourceTree = "<group>"; };
		FA4CB23A28EE9A29001F71F7 /* Base */ = {isa = PBXFileReference; lastKnownFileType = file.storyboard; name = Base; path = Base.lproj/LaunchScreen.storyboard; sourceTree = "<group>"; };
		FA4CB23C28EE9A29001F71F7 /* Info.plist */ = {isa = PBXFileReference; lastKnownFileType = text.plist.xml; path = Info.plist; sourceTree = "<group>"; };
		FA4CB24228EE9BB1001F71F7 /* MyTableViewCell.swift */ = {isa = PBXFileReference; lastKnownFileType = sourcecode.swift; path = MyTableViewCell.swift; sourceTree = "<group>"; };
		FA4CB24428EEA2A2001F71F7 /* MyCollectionViewCell.swift */ = {isa = PBXFileReference; lastKnownFileType = sourcecode.swift; path = MyCollectionViewCell.swift; sourceTree = "<group>"; };
		FA4CB24628EEA3F9001F71F7 /* EntertainmentApp.swift */ = {isa = PBXFileReference; lastKnownFileType = sourcecode.swift; path = EntertainmentApp.swift; sourceTree = "<group>"; };
/* End PBXFileReference section */

/* Begin PBXFrameworksBuildPhase section */
		FA4CB22828EE9A25001F71F7 /* Frameworks */ = {
			isa = PBXFrameworksBuildPhase;
			buildActionMask = 2147483647;
			files = (
			);
			runOnlyForDeploymentPostprocessing = 0;
		};
/* End PBXFrameworksBuildPhase section */

/* Begin PBXGroup section */
		FA4CB22228EE9A25001F71F7 = {
			isa = PBXGroup;
			children = (
				FA4CB22D28EE9A25001F71F7 /* CollectionViewinTV */,
				FA4CB22C28EE9A25001F71F7 /* Products */,
			);
			sourceTree = "<group>";
		};
		FA4CB22C28EE9A25001F71F7 /* Products */ = {
			isa = PBXGroup;
			children = (
				FA4CB22B28EE9A25001F71F7 /* CollectionViewinTV.app */,
			);
			name = Products;
			sourceTree = "<group>";
		};
		FA4CB22D28EE9A25001F71F7 /* CollectionViewinTV */ = {
			isa = PBXGroup;
			children = (
				FA4CB22E28EE9A25001F71F7 /* AppDelegate.swift */,
				FA4CB23028EE9A25001F71F7 /* SceneDelegate.swift */,
				FA4CB23228EE9A25001F71F7 /* ViewController.swift */,
				FA4CB23428EE9A25001F71F7 /* Main.storyboard */,
				FA4CB24628EEA3F9001F71F7 /* EntertainmentApp.swift */,
				FA4CB24228EE9BB1001F71F7 /* MyTableViewCell.swift */,
				FA4CB23728EE9A29001F71F7 /* Assets.xcassets */,
				FA4CB24428EEA2A2001F71F7 /* MyCollectionViewCell.swift */,
				FA4CB23928EE9A29001F71F7 /* LaunchScreen.storyboard */,
				FA4CB23C28EE9A29001F71F7 /* Info.plist */,
			);
			path = CollectionViewinTV;
			sourceTree = "<group>";
		};
/* End PBXGroup section */

/* Begin PBXNativeTarget section */
		FA4CB22A28EE9A25001F71F7 /* CollectionViewinTV */ = {
			isa = PBXNativeTarget;
			buildConfigurationList = FA4CB23F28EE9A29001F71F7 /* Build configuration list for PBXNativeTarget "CollectionViewinTV" */;
			buildPhases = (
				FA4CB22728EE9A25001F71F7 /* Sources */,
				FA4CB22828EE9A25001F71F7 /* Frameworks */,
				FA4CB22928EE9A25001F71F7 /* Resources */,
			);
			buildRules = (
			);
			dependencies = (
			);
			name = CollectionViewinTV;
			productName = CollectionViewinTV;
			productReference = FA4CB22B28EE9A25001F71F7 /* CollectionViewinTV.app */;
			productType = "com.apple.product-type.application";
		};
/* End PBXNativeTarget section */

/* Begin PBXProject section */
		FA4CB22328EE9A25001F71F7 /* Project object */ = {
			isa = PBXProject;
			attributes = {
				BuildIndependentTargetsInParallel = 1;
				LastSwiftUpdateCheck = 1310;
				LastUpgradeCheck = 1310;
				TargetAttributes = {
					FA4CB22A28EE9A25001F71F7 = {
						CreatedOnToolsVersion = 13.1;
					};
				};
			};
			buildConfigurationList = FA4CB22628EE9A25001F71F7 /* Build configuration list for PBXProject "CollectionViewinTV" */;
			compatibilityVersion = "Xcode 13.0";
			developmentRegion = en;
			hasScannedForEncodings = 0;
			knownRegions = (
				en,
				Base,
			);
			mainGroup = FA4CB22228EE9A25001F71F7;
			productRefGroup = FA4CB22C28EE9A25001F71F7 /* Products */;
			projectDirPath = "";
			projectRoot = "";
			targets = (
				FA4CB22A28EE9A25001F71F7 /* CollectionViewinTV */,
			);
		};
/* End PBXProject section */

/* Begin PBXResourcesBuildPhase section */
		FA4CB22928EE9A25001F71F7 /* Resources */ = {
			isa = PBXResourcesBuildPhase;
			buildActionMask = 2147483647;
			files = (
				FA4CB23B28EE9A29001F71F7 /* LaunchScreen.storyboard in Resources */,
				FA4CB23828EE9A29001F71F7 /* Assets.xcassets in Resources */,
				FA4CB23628EE9A25001F71F7 /* Main.storyboard in Resources */,
			);
			runOnlyForDeploymentPostprocessing = 0;
		};
/* End PBXResourcesBuildPhase section */

/* Begin PBXSourcesBuildPhase section */
		FA4CB22728EE9A25001F71F7 /* Sources */ = {
			isa = PBXSourcesBuildPhase;
			buildActionMask = 2147483647;
			files = (
				FA4CB23328EE9A25001F71F7 /* ViewController.swift in Sources */,
				FA4CB24528EEA2A2001F71F7 /* MyCollectionViewCell.swift in Sources */,
				FA4CB24328EE9BB1001F71F7 /* MyTableViewCell.swift in Sources */,
				FA4CB22F28EE9A25001F71F7 /* AppDelegate.swift in Sources */,
				FA4CB24728EEA3F9001F71F7 /* EntertainmentApp.swift in Sources */,
				FA4CB23128EE9A25001F71F7 /* SceneDelegate.swift in Sources */,
			);
			runOnlyForDeploymentPostprocessing = 0;
		};
/* End PBXSourcesBuildPhase section */

/* Begin PBXVariantGroup section */
		FA4CB23428EE9A25001F71F7 /* Main.storyboard */ = {
			isa = PBXVariantGroup;
			children = (
				FA4CB23528EE9A25001F71F7 /* Base */,
			);
			name = Main.storyboard;
			sourceTree = "<group>";
		};
		FA4CB23928EE9A29001F71F7 /* LaunchScreen.storyboard */ = {
			isa = PBXVariantGroup;
			children = (
				FA4CB23A28EE9A29001F71F7 /* Base */,
			);
			name = LaunchScreen.storyboard;
			sourceTree = "<group>";
		};
/* End PBXVariantGroup section */

/* Begin XCBuildConfiguration section */
		FA4CB23D28EE9A29001F71F7 /* Debug */ = {
			isa = XCBuildConfiguration;
			buildSettings = {
				ALWAYS_SEARCH_USER_PATHS = NO;
				CLANG_ANALYZER_NONNULL = YES;
				CLANG_ANALYZER_NUMBER_OBJECT_CONVERSION = YES_AGGRESSIVE;
				CLANG_CXX_LANGUAGE_STANDARD = "gnu++17";
				CLANG_CXX_LIBRARY = "libc++";
				CLANG_ENABLE_MODULES = YES;
				CLANG_ENABLE_OBJC_ARC = YES;
				CLANG_ENABLE_OBJC_WEAK = YES;
				CLANG_WARN_BLOCK_CAPTURE_AUTORELEASING = YES;
				CLANG_WARN_BOOL_CONVERSION = YES;
				CLANG_WARN_COMMA = YES;
				CLANG_WARN_CONSTANT_CONVERSION = YES;
				CLANG_WARN_DEPRECATED_OBJC_IMPLEMENTATIONS = YES;
				CLANG_WARN_DIRECT_OBJC_ISA_USAGE = YES_ERROR;
				CLANG_WARN_DOCUMENTATION_COMMENTS = YES;
				CLANG_WARN_EMPTY_BODY = YES;
				CLANG_WARN_ENUM_CONVERSION = YES;
				CLANG_WARN_INFINITE_RECURSION = YES;
				CLANG_WARN_INT_CONVERSION = YES;
				CLANG_WARN_NON_LITERAL_NULL_CONVERSION = YES;
				CLANG_WARN_OBJC_IMPLICIT_RETAIN_SELF = YES;
				CLANG_WARN_OBJC_LITERAL_CONVERSION = YES;
				CLANG_WARN_OBJC_ROOT_CLASS = YES_ERROR;
				CLANG_WARN_QUOTED_INCLUDE_IN_FRAMEWORK_HEADER = YES;
				CLANG_WARN_RANGE_LOOP_ANALYSIS = YES;
				CLANG_WARN_STRICT_PROTOTYPES = YES;
				CLANG_WARN_SUSPICIOUS_MOVE = YES;
				CLANG_WARN_UNGUARDED_AVAILABILITY = YES_AGGRESSIVE;
				CLANG_WARN_UNREACHABLE_CODE = YES;
				CLANG_WARN__DUPLICATE_METHOD_MATCH = YES;
				COPY_PHASE_STRIP = NO;
				DEBUG_INFORMATION_FORMAT = dwarf;
				ENABLE_STRICT_OBJC_MSGSEND = YES;
				ENABLE_TESTABILITY = YES;
				GCC_C_LANGUAGE_STANDARD = gnu11;
				GCC_DYNAMIC_NO_PIC = NO;
				GCC_NO_COMMON_BLOCKS = YES;
				GCC_OPTIMIZATION_LEVEL = 0;
				GCC_PREPROCESSOR_DEFINITIONS = (
					"DEBUG=1",
					"$(inherited)",
				);
				GCC_WARN_64_TO_32_BIT_CONVERSION = YES;
				GCC_WARN_ABOUT_RETURN_TYPE = YES_ERROR;
				GCC_WARN_UNDECLARED_SELECTOR = YES;
				GCC_WARN_UNINITIALIZED_AUTOS = YES_AGGRESSIVE;
				GCC_WARN_UNUSED_FUNCTION = YES;
				GCC_WARN_UNUSED_VARIABLE = YES;
				IPHONEOS_DEPLOYMENT_TARGET = 15.0;
				MTL_ENABLE_DEBUG_INFO = INCLUDE_SOURCE;
				MTL_FAST_MATH = YES;
				ONLY_ACTIVE_ARCH = YES;
				SDKROOT = iphoneos;
				SWIFT_ACTIVE_COMPILATION_CONDITIONS = DEBUG;
				SWIFT_OPTIMIZATION_LEVEL = "-Onone";
			};
			name = Debug;
		};
		FA4CB23E28EE9A29001F71F7 /* Release */ = {
			isa = XCBuildConfiguration;
			buildSettings = {
				ALWAYS_SEARCH_USER_PATHS = NO;
				CLANG_ANALYZER_NONNULL = YES;
				CLANG_ANALYZER_NUMBER_OBJECT_CONVERSION = YES_AGGRESSIVE;
				CLANG_CXX_LANGUAGE_STANDARD = "gnu++17";
				CLANG_CXX_LIBRARY = "libc++";
				CLANG_ENABLE_MODULES = YES;
				CLANG_ENABLE_OBJC_ARC = YES;
				CLANG_ENABLE_OBJC_WEAK = YES;
				CLANG_WARN_BLOCK_CAPTURE_AUTORELEASING = YES;
				CLANG_WARN_BOOL_CONVERSION = YES;
				CLANG_WARN_COMMA = YES;
				CLANG_WARN_CONSTANT_CONVERSION = YES;
				CLANG_WARN_DEPRECATED_OBJC_IMPLEMENTATIONS = YES;
				CLANG_WARN_DIRECT_OBJC_ISA_USAGE = YES_ERROR;
				CLANG_WARN_DOCUMENTATION_COMMENTS = YES;
				CLANG_WARN_EMPTY_BODY = YES;
				CLANG_WARN_ENUM_CONVERSION = YES;
				CLANG_WARN_INFINITE_RECURSION = YES;
				CLANG_WARN_INT_CONVERSION = YES;
				CLANG_WARN_NON_LITERAL_NULL_CONVERSION = YES;
				CLANG_WARN_OBJC_IMPLICIT_RETAIN_SELF = YES;
				CLANG_WARN_OBJC_LITERAL_CONVERSION = YES;
				CLANG_WARN_OBJC_ROOT_CLASS = YES_ERROR;
				CLANG_WARN_QUOTED_INCLUDE_IN_FRAMEWORK_HEADER = YES;
				CLANG_WARN_RANGE_LOOP_ANALYSIS = YES;
				CLANG_WARN_STRICT_PROTOTYPES = YES;
				CLANG_WARN_SUSPICIOUS_MOVE = YES;
				CLANG_WARN_UNGUARDED_AVAILABILITY = YES_AGGRESSIVE;
				CLANG_WARN_UNREACHABLE_CODE = YES;
				CLANG_WARN__DUPLICATE_METHOD_MATCH = YES;
				COPY_PHASE_STRIP = NO;
				DEBUG_INFORMATION_FORMAT = "dwarf-with-dsym";
				ENABLE_NS_ASSERTIONS = NO;
				ENABLE_STRICT_OBJC_MSGSEND = YES;
				GCC_C_LANGUAGE_STANDARD = gnu11;
				GCC_NO_COMMON_BLOCKS = YES;
				GCC_WARN_64_TO_32_BIT_CONVERSION = YES;
				GCC_WARN_ABOUT_RETURN_TYPE = YES_ERROR;
				GCC_WARN_UNDECLARED_SELECTOR = YES;
				GCC_WARN_UNINITIALIZED_AUTOS = YES_AGGRESSIVE;
				GCC_WARN_UNUSED_FUNCTION = YES;
				GCC_WARN_UNUSED_VARIABLE = YES;
				IPHONEOS_DEPLOYMENT_TARGET = 15.0;
				MTL_ENABLE_DEBUG_INFO = NO;
				MTL_FAST_MATH = YES;
				SDKROOT = iphoneos;
				SWIFT_COMPILATION_MODE = wholemodule;
				SWIFT_OPTIMIZATION_LEVEL = "-O";
				VALIDATE_PRODUCT = YES;
			};
			name = Release;
		};
		FA4CB24028EE9A29001F71F7 /* Debug */ = {
			isa = XCBuildConfiguration;
			buildSettings = {
				ASSETCATALOG_COMPILER_APPICON_NAME = AppIcon;
				ASSETCATALOG_COMPILER_GLOBAL_ACCENT_COLOR_NAME = AccentColor;
				CODE_SIGN_STYLE = Automatic;
				CURRENT_PROJECT_VERSION = 1;
				DEVELOPMENT_TEAM = CQL2Y3CJ36;
				GENERATE_INFOPLIST_FILE = YES;
				INFOPLIST_FILE = CollectionViewinTV/Info.plist;
				INFOPLIST_KEY_UIApplicationSupportsIndirectInputEvents = YES;
				INFOPLIST_KEY_UILaunchStoryboardName = LaunchScreen;
				INFOPLIST_KEY_UIMainStoryboardFile = Main;
				INFOPLIST_KEY_UISupportedInterfaceOrientations_iPad = "UIInterfaceOrientationPortrait UIInterfaceOrientationPortraitUpsideDown UIInterfaceOrientationLandscapeLeft UIInterfaceOrientationLandscapeRight";
				INFOPLIST_KEY_UISupportedInterfaceOrientations_iPhone = "UIInterfaceOrientationPortrait UIInterfaceOrientationLandscapeLeft UIInterfaceOrientationLandscapeRight";
				LD_RUNPATH_SEARCH_PATHS = (
					"$(inherited)",
					"@executable_path/Frameworks",
				);
				MARKETING_VERSION = 1.0;
				PRODUCT_BUNDLE_IDENTIFIER = paysikka.CollectionViewinTV;
				PRODUCT_NAME = "$(TARGET_NAME)";
				SWIFT_EMIT_LOC_STRINGS = YES;
				SWIFT_VERSION = 5.0;
				TARGETED_DEVICE_FAMILY = "1,2";
			};
			name = Debug;
		};
		FA4CB24128EE9A29001F71F7 /* Release */ = {
			isa = XCBuildConfiguration;
			buildSettings = {
				ASSETCATALOG_COMPILER_APPICON_NAME = AppIcon;
				ASSETCATALOG_COMPILER_GLOBAL_ACCENT_COLOR_NAME = AccentColor;
				CODE_SIGN_STYLE = Automatic;
				CURRENT_PROJECT_VERSION = 1;
				DEVELOPMENT_TEAM = CQL2Y3CJ36;
				GENERATE_INFOPLIST_FILE = YES;
				INFOPLIST_FILE = CollectionViewinTV/Info.plist;
				INFOPLIST_KEY_UIApplicationSupportsIndirectInputEvents = YES;
				INFOPLIST_KEY_UILaunchStoryboardName = LaunchScreen;
				INFOPLIST_KEY_UIMainStoryboardFile = Main;
				INFOPLIST_KEY_UISupportedInterfaceOrientations_iPad = "UIInterfaceOrientationPortrait UIInterfaceOrientationPortraitUpsideDown UIInterfaceOrientationLandscapeLeft UIInterfaceOrientationLandscapeRight";
				INFOPLIST_KEY_UISupportedInterfaceOrientations_iPhone = "UIInterfaceOrientationPortrait UIInterfaceOrientationLandscapeLeft UIInterfaceOrientationLandscapeRight";
				LD_RUNPATH_SEARCH_PATHS = (
					"$(inherited)",
					"@executable_path/Frameworks",
				);
				MARKETING_VERSION = 1.0;
				PRODUCT_BUNDLE_IDENTIFIER = paysikka.CollectionViewinTV;
				PRODUCT_NAME = "$(TARGET_NAME)";
				SWIFT_EMIT_LOC_STRINGS = YES;
				SWIFT_VERSION = 5.0;
				TARGETED_DEVICE_FAMILY = "1,2";
			};
			name = Release;
		};
/* End XCBuildConfiguration section */

/* Begin XCConfigurationList section */
		FA4CB22628EE9A25001F71F7 /* Build configuration list for PBXProject "CollectionViewinTV" */ = {
			isa = XCConfigurationList;
			buildConfigurations = (
				FA4CB23D28EE9A29001F71F7 /* Debug */,
				FA4CB23E28EE9A29001F71F7 /* Release */,
			);
			defaultConfigurationIsVisible = 0;
			defaultConfigurationName = Release;
		};
		FA4CB23F28EE9A29001F71F7 /* Build configuration list for PBXNativeTarget "CollectionViewinTV" */ = {
			isa = XCConfigurationList;
			buildConfigurations = (
				FA4CB24028EE9A29001F71F7 /* Debug */,
				FA4CB24128EE9A29001F71F7 /* Release */,
			);
			defaultConfigurationIsVisible = 0;
			defaultConfigurationName = Release;
		};
/* End XCConfigurationList section */
	};
	rootObject = FA4CB22328EE9A25001F71F7 /* Project object */;
}
